
Microsoft Visual Studio Solution File, Format Version 12.00
# Visual Studio Version 17
VisualStudioVersion = 17.2.32616.157
MinimumVisualStudioVersion = 10.0.40219.1
Project("{9A19103F-16F7-4668-BE54-9A1E7A4F7556}") = "POS.Models", "POS.Models\POS.Models.csproj", "{C557FABA-2FC5-4043-8D06-58252250BACA}"
EndProject
Project("{9A19103F-16F7-4668-BE54-9A1E7A4F7556}") = "POS.API", "POS.API\POS.API.csproj", "{1440194E-E316-46E3-8EE6-30F18955711F}"
EndProject
Project("{9A19103F-16F7-4668-BE54-9A1E7A4F7556}") = "POS.UI", "POS.UI\POS.UI.csproj", "{607B30F2-72FE-4BCE-B880-501A400BE50C}"
EndProject
Project("{9A19103F-16F7-4668-BE54-9A1E7A4F7556}") = "POS.DAL", "POS.DAL\POS.DAL.csproj", "{C747B175-46EB-4179-8176-A01BAD082074}"
EndProject
Project("{FAE04EC0-301F-11D3-BF4B-00C04F79EFBC}") = "POS.Utility", "POS.Utility\POS.Utility.csproj", "{6A92A8FC-15D7-487D-93F6-71C91AE115B4}"
EndProject
Global
	GlobalSection(SolutionConfigurationPlatforms) = preSolution
		Debug|Any CPU = Debug|Any CPU
		Release|Any CPU = Release|Any CPU
	EndGlobalSection
	GlobalSection(ProjectConfigurationPlatforms) = postSolution
		{C557FABA-2FC5-4043-8D06-58252250BACA}.Debug|Any CPU.ActiveCfg = Debug|Any CPU
		{C557FABA-2FC5-4043-8D06-58252250BACA}.Debug|Any CPU.Build.0 = Debug|Any CPU
		{C557FABA-2FC5-4043-8D06-58252250BACA}.Release|Any CPU.ActiveCfg = Release|Any CPU
		{C557FABA-2FC5-4043-8D06-58252250BACA}.Release|Any CPU.Build.0 = Release|Any CPU
		{1440194E-E316-46E3-8EE6-30F18955711F}.Debug|Any CPU.ActiveCfg = Debug|Any CPU
		{1440194E-E316-46E3-8EE6-30F18955711F}.Debug|Any CPU.Build.0 = Debug|Any CPU
		{1440194E-E316-46E3-8EE6-30F18955711F}.Release|Any CPU.ActiveCfg = Release|Any CPU
		{1440194E-E316-46E3-8EE6-30F18955711F}.Release|Any CPU.Build.0 = Release|Any CPU
		{607B30F2-72FE-4BCE-B880-501A400BE50C}.Debug|Any CPU.ActiveCfg = Debug|Any CPU
		{607B30F2-72FE-4BCE-B880-501A400BE50C}.Debug|Any CPU.Build.0 = Debug|Any CPU
		{607B30F2-72FE-4BCE-B880-501A400BE50C}.Release|Any CPU.ActiveCfg = Release|Any CPU
		{607B30F2-72FE-4BCE-B880-501A400BE50C}.Release|Any CPU.Build.0 = Release|Any CPU
		{C747B175-46EB-4179-8176-A01BAD082074}.Debug|Any CPU.ActiveCfg = Debug|Any CPU
		{C747B175-46EB-4179-8176-A01BAD082074}.Debug|Any CPU.Build.0 = Debug|Any CPU
		{C747B175-46EB-4179-8176-A01BAD082074}.Release|Any CPU.ActiveCfg = Release|Any CPU
		{C747B175-46EB-4179-8176-A01BAD082074}.Release|Any CPU.Build.0 = Release|Any CPU
		{6A92A8FC-15D7-487D-93F6-71C91AE115B4}.Debug|Any CPU.ActiveCfg = Debug|Any CPU
		{6A92A8FC-15D7-487D-93F6-71C91AE115B4}.Debug|Any CPU.Build.0 = Debug|Any CPU
		{6A92A8FC-15D7-487D-93F6-71C91AE115B4}.Release|Any CPU.ActiveCfg = Release|Any CPU
		{6A92A8FC-15D7-487D-93F6-71C91AE115B4}.Release|Any CPU.Build.0 = Release|Any CPU
	EndGlobalSection
	GlobalSection(SolutionProperties) = preSolution
		HideSolutionNode = FALSE
	EndGlobalSection
	GlobalSection(ExtensibilityGlobals) = postSolution
		SolutionGuid = {3D91A97C-8DC4-4D77-BD0E-C6FE3C9ABC31}
	EndGlobalSection
EndGlobal
